
Microsoft Visual Studio Solution File, Format Version 12.00
# Visual Studio Version 17
VisualStudioVersion = 17.8.34330.188
MinimumVisualStudioVersion = 10.0.40219.1
Project("{9A19103F-16F7-4668-BE54-9A1E7A4F7556}") = "BestStories", "BestStories\BestStories.csproj", "{753FCFDD-364D-4649-93F2-86B556EBD18B}"
EndProject
Project("{9A19103F-16F7-4668-BE54-9A1E7A4F7556}") = "BestStories.Tests", "BestStories.Tests\BestStories.Tests.csproj", "{25E48FD3-127E-415B-B69A-2CB82C10D7D3}"
EndProject
Project("{FAE04EC0-301F-11D3-BF4B-00C04F79EFBC}") = "BestStories.Integration.Tests", "BestStories.Integration.Tests\BestStories.Integration.Tests.csproj", "{7AD3F219-EDFC-40A4-8BA9-D0A227CDC2D5}"
EndProject
Global
	GlobalSection(SolutionConfigurationPlatforms) = preSolution
		Debug|Any CPU = Debug|Any CPU
		Release|Any CPU = Release|Any CPU
	EndGlobalSection
	GlobalSection(ProjectConfigurationPlatforms) = postSolution
		{753FCFDD-364D-4649-93F2-86B556EBD18B}.Debug|Any CPU.ActiveCfg = Debug|Any CPU
		{753FCFDD-364D-4649-93F2-86B556EBD18B}.Debug|Any CPU.Build.0 = Debug|Any CPU
		{753FCFDD-364D-4649-93F2-86B556EBD18B}.Release|Any CPU.ActiveCfg = Release|Any CPU
		{753FCFDD-364D-4649-93F2-86B556EBD18B}.Release|Any CPU.Build.0 = Release|Any CPU
		{25E48FD3-127E-415B-B69A-2CB82C10D7D3}.Debug|Any CPU.ActiveCfg = Debug|Any CPU
		{25E48FD3-127E-415B-B69A-2CB82C10D7D3}.Debug|Any CPU.Build.0 = Debug|Any CPU
		{25E48FD3-127E-415B-B69A-2CB82C10D7D3}.Release|Any CPU.ActiveCfg = Release|Any CPU
		{25E48FD3-127E-415B-B69A-2CB82C10D7D3}.Release|Any CPU.Build.0 = Release|Any CPU
		{7AD3F219-EDFC-40A4-8BA9-D0A227CDC2D5}.Debug|Any CPU.ActiveCfg = Debug|Any CPU
		{7AD3F219-EDFC-40A4-8BA9-D0A227CDC2D5}.Debug|Any CPU.Build.0 = Debug|Any CPU
		{7AD3F219-EDFC-40A4-8BA9-D0A227CDC2D5}.Release|Any CPU.ActiveCfg = Release|Any CPU
		{7AD3F219-EDFC-40A4-8BA9-D0A227CDC2D5}.Release|Any CPU.Build.0 = Release|Any CPU
	EndGlobalSection
	GlobalSection(SolutionProperties) = preSolution
		HideSolutionNode = FALSE
	EndGlobalSection
	GlobalSection(ExtensibilityGlobals) = postSolution
		SolutionGuid = {BC3832A3-84FC-4A2E-963A-04897F4AC7E7}
	EndGlobalSection
EndGlobal
